
Microsoft Visual Studio Solution File, Format Version 12.00
# Visual Studio Version 17
VisualStudioVersion = 17.8.34330.188
MinimumVisualStudioVersion = 10.0.40219.1
Project("{FAE04EC0-301F-11D3-BF4B-00C04F79EFBC}") = "FribergCarRentals", "FribergCarRentals\FribergCarRentals.csproj", "{A4436AF2-68C6-473E-BDEA-DA0A225892A5}"
EndProject
Global
	GlobalSection(SolutionConfigurationPlatforms) = preSolution
		Debug|Any CPU = Debug|Any CPU
		Release|Any CPU = Release|Any CPU
	EndGlobalSection
	GlobalSection(ProjectConfigurationPlatforms) = postSolution
		{A4436AF2-68C6-473E-BDEA-DA0A225892A5}.Debug|Any CPU.ActiveCfg = Debug|Any CPU
		{A4436AF2-68C6-473E-BDEA-DA0A225892A5}.Debug|Any CPU.Build.0 = Debug|Any CPU
		{A4436AF2-68C6-473E-BDEA-DA0A225892A5}.Release|Any CPU.ActiveCfg = Release|Any CPU
		{A4436AF2-68C6-473E-BDEA-DA0A225892A5}.Release|Any CPU.Build.0 = Release|Any CPU
	EndGlobalSection
	GlobalSection(SolutionProperties) = preSolution
		HideSolutionNode = FALSE
	EndGlobalSection
	GlobalSection(ExtensibilityGlobals) = postSolution
		SolutionGuid = {669874D7-C82C-4296-AFB6-797C87C8D6B7}
	EndGlobalSection
EndGlobal
